speakeasyVersion: 1.768.2
sources:
    stacks-source:
        sourceNamespace: stacks-source
        sourceRevisionDigest: sha256:50819cd828a449ecc06b55d023f21936862b83d3868af613cacac7b2158171ed
        sourceBlobDigest: sha256:1c6d9f1fecf4fe8ac7db4eddc823c8e367e7fdd6551ea5e2910a5f77549caa34
        tags:
            - latest
            - SDK_VERSION
targets:
    formance-sdk-typescript:
        source: stacks-source
        sourceNamespace: stacks-source
        sourceRevisionDigest: sha256:50819cd828a449ecc06b55d023f21936862b83d3868af613cacac7b2158171ed
        sourceBlobDigest: sha256:1c6d9f1fecf4fe8ac7db4eddc823c8e367e7fdd6551ea5e2910a5f77549caa34
        codeSamplesNamespace: stacks-source-typescript-code-samples
        codeSamplesRevisionDigest: sha256:90cd749c3aad99abdb392d22af326943702966d205c515a186ba3fb3d8106b98
workflow:
    workflowVersion: 1.0.0
    speakeasyVersion: latest
    sources:
        stacks-source:
            inputs:
                - location: registry.speakeasyapi.dev/formance/formance/stacks-source@LATEST_RELEASE
            overlays:
                - location: ./overlay.yaml
            registry:
                location: registry.speakeasyapi.dev/formance/formance/stacks-source
    targets:
        formance-sdk-typescript:
            target: typescript
            source: stacks-source
            publish:
                npm:
                    token: $NPM_TOKEN
            codeSamples:
                registry:
                    location: registry.speakeasyapi.dev/formance/formance/stacks-source-typescript-code-samples
                labelOverride:
                    fixedValue: Typescript (SDK)
                blocking: false
            testing:
                enabled: false
