speakeasyVersion: 1.770.0
sources:
    stacks-source:
        sourceNamespace: stacks-source
        sourceRevisionDigest: sha256:679908f739f94c3a57c5b8e1428819c080389407bbfedb672bce50ee71a8a9fc
        sourceBlobDigest: sha256:2eb94c753be5385743f7b8adec126e82d81a7a2d65bf8dfbd179cda660d66bd2
        tags:
            - latest
            - SDK_VERSION
targets:
    formance-sdk-typescript:
        source: stacks-source
        sourceNamespace: stacks-source
        sourceRevisionDigest: sha256:679908f739f94c3a57c5b8e1428819c080389407bbfedb672bce50ee71a8a9fc
        sourceBlobDigest: sha256:2eb94c753be5385743f7b8adec126e82d81a7a2d65bf8dfbd179cda660d66bd2
        codeSamplesNamespace: stacks-source-typescript-code-samples
        codeSamplesRevisionDigest: sha256:36968ea4ca770a20828dad0a7f95a78a438e87d6e24a8fcb865362c8c398b6dc
workflow:
    workflowVersion: 1.0.0
    speakeasyVersion: 1.770.0
    sources:
        stacks-source:
            inputs:
                - location: registry.speakeasyapi.dev/formance/formance/stacks-source@LATEST_RELEASE
            overlays:
                - location: ./overlay.yaml
            registry:
                location: registry.speakeasyapi.dev/formance/formance/stacks-source
    targets:
        formance-sdk-typescript:
            target: typescript
            source: stacks-source
            publish:
                npm:
                    token: $NPM_TOKEN
            codeSamples:
                registry:
                    location: registry.speakeasyapi.dev/formance/formance/stacks-source-typescript-code-samples
                labelOverride:
                    fixedValue: Typescript (SDK)
                blocking: false
            testing:
                enabled: false
